{
  "name": "02.adapter",
  "version": "1.0.0",
  "lockfileVersion": 2,
  "requires": true,
  "packages": {
    "": {
      "name": "02.adapter",
      "version": "1.0.0",
      "license": "ISC",
      "dependencies": {
        "@types/filewriter": "^0.0.29",
        "FileWriter": "^0.10.0"
      }
    },
    "node_modules/@types/filewriter": {
      "version": "0.0.29",
      "resolved": "https://registry.npmjs.org/@types/filewriter/-/filewriter-0.0.29.tgz",
      "integrity": "sha512-BsPXH/irW0ht0Ji6iw/jJaK8Lj3FJemon2gvEqHKpCdDCeemHa+rI3WBGq5z7cDMZgoLjY40oninGxqk+8NzNQ=="
    },
    "node_modules/FileWriter": {
      "version": "0.10.0",
      "resolved": "https://registry.npmjs.org/FileWriter/-/FileWriter-0.10.0.tgz",
      "integrity": "sha1-h4FQMtbdq9Cr+2esGyhl01RAd2M=",
      "engines": {
        "node": "*"
      }
    }
  },
  "dependencies": {
    "@types/filewriter": {
      "version": "0.0.29",
      "resolved": "https://registry.npmjs.org/@types/filewriter/-/filewriter-0.0.29.tgz",
      "integrity": "sha512-BsPXH/irW0ht0Ji6iw/jJaK8Lj3FJemon2gvEqHKpCdDCeemHa+rI3WBGq5z7cDMZgoLjY40oninGxqk+8NzNQ=="
    },
    "FileWriter": {
      "version": "0.10.0",
      "resolved": "https://registry.npmjs.org/FileWriter/-/FileWriter-0.10.0.tgz",
      "integrity": "sha1-h4FQMtbdq9Cr+2esGyhl01RAd2M="
    }
  }
}
